
Microsoft Visual Studio Solution File, Format Version 12.00
# Visual Studio Version 17
VisualStudioVersion = 17.11.35219.272
MinimumVisualStudioVersion = 10.0.40219.1
Project("{FAE04EC0-301F-11D3-BF4B-00C04F79EFBC}") = "V.AUTH.API", "V.AUTH.API\V.AUTH.API.csproj", "{3F858449-5CEF-47F0-B42A-DDC052DB3B3D}"
EndProject
Project("{FAE04EC0-301F-11D3-BF4B-00C04F79EFBC}") = "V.AUTH.API.Models", "V.AUTH.API.Models\V.AUTH.API.Models.csproj", "{014DBCE2-A278-492C-9F9C-E66EB47B49B8}"
EndProject
Global
	GlobalSection(SolutionConfigurationPlatforms) = preSolution
		Debug|Any CPU = Debug|Any CPU
		Release|Any CPU = Release|Any CPU
	EndGlobalSection
	GlobalSection(ProjectConfigurationPlatforms) = postSolution
		{3F858449-5CEF-47F0-B42A-DDC052DB3B3D}.Debug|Any CPU.ActiveCfg = Debug|Any CPU
		{3F858449-5CEF-47F0-B42A-DDC052DB3B3D}.Debug|Any CPU.Build.0 = Debug|Any CPU
		{3F858449-5CEF-47F0-B42A-DDC052DB3B3D}.Release|Any CPU.ActiveCfg = Release|Any CPU
		{3F858449-5CEF-47F0-B42A-DDC052DB3B3D}.Release|Any CPU.Build.0 = Release|Any CPU
		{014DBCE2-A278-492C-9F9C-E66EB47B49B8}.Debug|Any CPU.ActiveCfg = Debug|Any CPU
		{014DBCE2-A278-492C-9F9C-E66EB47B49B8}.Debug|Any CPU.Build.0 = Debug|Any CPU
		{014DBCE2-A278-492C-9F9C-E66EB47B49B8}.Release|Any CPU.ActiveCfg = Release|Any CPU
		{014DBCE2-A278-492C-9F9C-E66EB47B49B8}.Release|Any CPU.Build.0 = Release|Any CPU
	EndGlobalSection
	GlobalSection(SolutionProperties) = preSolution
		HideSolutionNode = FALSE
	EndGlobalSection
	GlobalSection(ExtensibilityGlobals) = postSolution
		SolutionGuid = {E6EA1F13-E9AB-47AF-ABFD-C9F440577B08}
	EndGlobalSection
EndGlobal
